
Microsoft Visual Studio Solution File, Format Version 12.00
# Visual Studio Version 17
VisualStudioVersion = 17.11.35327.3
MinimumVisualStudioVersion = 10.0.40219.1
Project("{8BC9CEB8-8B4A-11D0-8D11-00A0C91BC942}") = "ManagerSys", "ManagerSys.vcxproj", "{A4AF49C8-1193-419E-8C3E-E8B5FD9D10AD}"
EndProject
Global
	GlobalSection(SolutionConfigurationPlatforms) = preSolution
		Debug|x64 = Debug|x64
		Debug|x86 = Debug|x86
		Release|x64 = Release|x64
		Release|x86 = Release|x86
	EndGlobalSection
	GlobalSection(ProjectConfigurationPlatforms) = postSolution
		{A4AF49C8-1193-419E-8C3E-E8B5FD9D10AD}.Debug|x64.ActiveCfg = Debug|x64
		{A4AF49C8-1193-419E-8C3E-E8B5FD9D10AD}.Debug|x64.Build.0 = Debug|x64
		{A4AF49C8-1193-419E-8C3E-E8B5FD9D10AD}.Debug|x86.ActiveCfg = Debug|Win32
		{A4AF49C8-1193-419E-8C3E-E8B5FD9D10AD}.Debug|x86.Build.0 = Debug|Win32
		{A4AF49C8-1193-419E-8C3E-E8B5FD9D10AD}.Release|x64.ActiveCfg = Release|x64
		{A4AF49C8-1193-419E-8C3E-E8B5FD9D10AD}.Release|x64.Build.0 = Release|x64
		{A4AF49C8-1193-419E-8C3E-E8B5FD9D10AD}.Release|x86.ActiveCfg = Release|Win32
		{A4AF49C8-1193-419E-8C3E-E8B5FD9D10AD}.Release|x86.Build.0 = Release|Win32
	EndGlobalSection
	GlobalSection(SolutionProperties) = preSolution
		HideSolutionNode = FALSE
	EndGlobalSection
	GlobalSection(ExtensibilityGlobals) = postSolution
		SolutionGuid = {95F1E68E-334C-40A8-BAAF-11BD676CF639}
	EndGlobalSection
EndGlobal
